
Microsoft Visual Studio Solution File, Format Version 12.00
# Visual Studio Version 16
VisualStudioVersion = 16.0.31005.135
MinimumVisualStudioVersion = 10.0.40219.1
Project("{8BC9CEB8-8B4A-11D0-8D11-00A0C91BC942}") = "Сhopping method", "Сhopping method\Сhopping method.vcxproj", "{918D6BBA-AACD-4B14-879D-1A5E843DE8A1}"
EndProject
Global
	GlobalSection(SolutionConfigurationPlatforms) = preSolution
		Debug|x64 = Debug|x64
		Debug|x86 = Debug|x86
		Release|x64 = Release|x64
		Release|x86 = Release|x86
	EndGlobalSection
	GlobalSection(ProjectConfigurationPlatforms) = postSolution
		{918D6BBA-AACD-4B14-879D-1A5E843DE8A1}.Debug|x64.ActiveCfg = Debug|x64
		{918D6BBA-AACD-4B14-879D-1A5E843DE8A1}.Debug|x64.Build.0 = Debug|x64
		{918D6BBA-AACD-4B14-879D-1A5E843DE8A1}.Debug|x86.ActiveCfg = Debug|Win32
		{918D6BBA-AACD-4B14-879D-1A5E843DE8A1}.Debug|x86.Build.0 = Debug|Win32
		{918D6BBA-AACD-4B14-879D-1A5E843DE8A1}.Release|x64.ActiveCfg = Release|x64
		{918D6BBA-AACD-4B14-879D-1A5E843DE8A1}.Release|x64.Build.0 = Release|x64
		{918D6BBA-AACD-4B14-879D-1A5E843DE8A1}.Release|x86.ActiveCfg = Release|Win32
		{918D6BBA-AACD-4B14-879D-1A5E843DE8A1}.Release|x86.Build.0 = Release|Win32
	EndGlobalSection
	GlobalSection(SolutionProperties) = preSolution
		HideSolutionNode = FALSE
	EndGlobalSection
	GlobalSection(ExtensibilityGlobals) = postSolution
		SolutionGuid = {2F7121D2-D75F-4B0C-A0ED-290E24005953}
	EndGlobalSection
EndGlobal
