
Microsoft Visual Studio Solution File, Format Version 12.00
# Visual Studio Version 16
VisualStudioVersion = 16.0.30611.23
MinimumVisualStudioVersion = 10.0.40219.1
Project("{8BC9CEB8-8B4A-11D0-8D11-00A0C91BC942}") = "Equation solver", "Equation solver\Equation solver.vcxproj", "{9C48BB96-E58F-4E40-A35B-99E9FC37A786}"
EndProject
Global
	GlobalSection(SolutionConfigurationPlatforms) = preSolution
		Debug|x64 = Debug|x64
		Debug|x86 = Debug|x86
		Release|x64 = Release|x64
		Release|x86 = Release|x86
	EndGlobalSection
	GlobalSection(ProjectConfigurationPlatforms) = postSolution
		{9C48BB96-E58F-4E40-A35B-99E9FC37A786}.Debug|x64.ActiveCfg = Debug|x64
		{9C48BB96-E58F-4E40-A35B-99E9FC37A786}.Debug|x64.Build.0 = Debug|x64
		{9C48BB96-E58F-4E40-A35B-99E9FC37A786}.Debug|x86.ActiveCfg = Debug|Win32
		{9C48BB96-E58F-4E40-A35B-99E9FC37A786}.Debug|x86.Build.0 = Debug|Win32
		{9C48BB96-E58F-4E40-A35B-99E9FC37A786}.Release|x64.ActiveCfg = Release|x64
		{9C48BB96-E58F-4E40-A35B-99E9FC37A786}.Release|x64.Build.0 = Release|x64
		{9C48BB96-E58F-4E40-A35B-99E9FC37A786}.Release|x86.ActiveCfg = Release|Win32
		{9C48BB96-E58F-4E40-A35B-99E9FC37A786}.Release|x86.Build.0 = Release|Win32
	EndGlobalSection
	GlobalSection(SolutionProperties) = preSolution
		HideSolutionNode = FALSE
	EndGlobalSection
	GlobalSection(ExtensibilityGlobals) = postSolution
		SolutionGuid = {C8EDC6E2-EA9A-4E6B-9B74-3C9E417AE788}
	EndGlobalSection
EndGlobal
